// !$*UTF8*$!
{
	archiveVersion = 1;
	classes = {
	};
	objectVersion = 50;
	objects = {

/* Begin PBXBuildFile section */
		9083FE8A21C6E6F200EFB853 /* AppDelegate.swift in Sources */ = {isa = PBXBuildFile; fileRef = 9083FE8921C6E6F200EFB853 /* AppDelegate.swift */; };
		9083FE8C21C6E6F200EFB853 /* PokemonSearchViewController.swift in Sources */ = {isa = PBXBuildFile; fileRef = 9083FE8B21C6E6F200EFB853 /* PokemonSearchViewController.swift */; };
		9083FE8F21C6E6F200EFB853 /* Main.storyboard in Resources */ = {isa = PBXBuildFile; fileRef = 9083FE8D21C6E6F200EFB853 /* Main.storyboard */; };
		9083FE9121C6E6F300EFB853 /* Assets.xcassets in Resources */ = {isa = PBXBuildFile; fileRef = 9083FE9021C6E6F300EFB853 /* Assets.xcassets */; };
		9083FE9421C6E6F300EFB853 /* LaunchScreen.storyboard in Resources */ = {isa = PBXBuildFile; fileRef = 9083FE9221C6E6F300EFB853 /* LaunchScreen.storyboard */; };
		9083FE9D21C6EA8200EFB853 /* Pokemon.swift in Sources */ = {isa = PBXBuildFile; fileRef = 9083FE9C21C6EA8200EFB853 /* Pokemon.swift */; };
		9083FE9F21C6EC4B00EFB853 /* PokemonTableViewCell.swift in Sources */ = {isa = PBXBuildFile; fileRef = 9083FE9E21C6EC4B00EFB853 /* PokemonTableViewCell.swift */; };
		9083FEA621C6F15F00EFB853 /* PokemonMainListController.swift in Sources */ = {isa = PBXBuildFile; fileRef = 9083FEA521C6F15F00EFB853 /* PokemonMainListController.swift */; };
		90F8943F21CEEFED00B87FD0 /* PokemonCards.swift in Sources */ = {isa = PBXBuildFile; fileRef = 90F8943E21CEEFED00B87FD0 /* PokemonCards.swift */; };
		90F8944121CEF19A00B87FD0 /* PokemonCardsController.swift in Sources */ = {isa = PBXBuildFile; fileRef = 90F8944021CEF19A00B87FD0 /* PokemonCardsController.swift */; };
/* End PBXBuildFile section */

/* Begin PBXFileReference section */
		9083FE8621C6E6F200EFB853 /* apis, delegates.app */ = {isa = PBXFileReference; explicitFileType = wrapper.application; includeInIndex = 0; path = "apis, delegates.app"; sourceTree = BUILT_PRODUCTS_DIR; };
		9083FE8921C6E6F200EFB853 /* AppDelegate.swift */ = {isa = PBXFileReference; lastKnownFileType = sourcecode.swift; path = AppDelegate.swift; sourceTree = "<group>"; };
		9083FE8B21C6E6F200EFB853 /* PokemonSearchViewController.swift */ = {isa = PBXFileReference; lastKnownFileType = sourcecode.swift; path = PokemonSearchViewController.swift; sourceTree = "<group>"; };
		9083FE8E21C6E6F200EFB853 /* Base */ = {isa = PBXFileReference; lastKnownFileType = file.storyboard; name = Base; path = Base.lproj/Main.storyboard; sourceTree = "<group>"; };
		9083FE9021C6E6F300EFB853 /* Assets.xcassets */ = {isa = PBXFileReference; lastKnownFileType = folder.assetcatalog; path = Assets.xcassets; sourceTree = "<group>"; };
		9083FE9321C6E6F300EFB853 /* Base */ = {isa = PBXFileReference; lastKnownFileType = file.storyboard; name = Base; path = Base.lproj/LaunchScreen.storyboard; sourceTree = "<group>"; };
		9083FE9521C6E6F300EFB853 /* Info.plist */ = {isa = PBXFileReference; lastKnownFileType = text.plist.xml; path = Info.plist; sourceTree = "<group>"; };
		9083FE9C21C6EA8200EFB853 /* Pokemon.swift */ = {isa = PBXFileReference; lastKnownFileType = sourcecode.swift; path = Pokemon.swift; sourceTree = "<group>"; };
		9083FE9E21C6EC4B00EFB853 /* PokemonTableViewCell.swift */ = {isa = PBXFileReference; lastKnownFileType = sourcecode.swift; path = PokemonTableViewCell.swift; sourceTree = "<group>"; };
		9083FEA521C6F15F00EFB853 /* PokemonMainListController.swift */ = {isa = PBXFileReference; lastKnownFileType = sourcecode.swift; path = PokemonMainListController.swift; sourceTree = "<group>"; };
		90F8943E21CEEFED00B87FD0 /* PokemonCards.swift */ = {isa = PBXFileReference; lastKnownFileType = sourcecode.swift; path = PokemonCards.swift; sourceTree = "<group>"; };
		90F8944021CEF19A00B87FD0 /* PokemonCardsController.swift */ = {isa = PBXFileReference; lastKnownFileType = sourcecode.swift; path = PokemonCardsController.swift; sourceTree = "<group>"; };
/* End PBXFileReference section */

/* Begin PBXFrameworksBuildPhase section */
		9083FE8321C6E6F200EFB853 /* Frameworks */ = {
			isa = PBXFrameworksBuildPhase;
			buildActionMask = 2147483647;
			files = (
			);
			runOnlyForDeploymentPostprocessing = 0;
		};
/* End PBXFrameworksBuildPhase section */

/* Begin PBXGroup section */
		9083FE7D21C6E6F200EFB853 = {
			isa = PBXGroup;
			children = (
				9083FE8821C6E6F200EFB853 /* apis, delegates */,
				9083FE8721C6E6F200EFB853 /* Products */,
			);
			sourceTree = "<group>";
		};
		9083FE8721C6E6F200EFB853 /* Products */ = {
			isa = PBXGroup;
			children = (
				9083FE8621C6E6F200EFB853 /* apis, delegates.app */,
			);
			name = Products;
			sourceTree = "<group>";
		};
		9083FE8821C6E6F200EFB853 /* apis, delegates */ = {
			isa = PBXGroup;
			children = (
				9083FE8921C6E6F200EFB853 /* AppDelegate.swift */,
				9083FEA321C6F06300EFB853 /* Controllers */,
				9083FEA121C6F05000EFB853 /* View */,
				9083FEA221C6F05500EFB853 /* Model */,
				9083FE9B21C6E70000EFB853 /* Resources */,
			);
			path = "apis, delegates";
			sourceTree = "<group>";
		};
		9083FE9B21C6E70000EFB853 /* Resources */ = {
			isa = PBXGroup;
			children = (
				9083FE8D21C6E6F200EFB853 /* Main.storyboard */,
				9083FE9021C6E6F300EFB853 /* Assets.xcassets */,
				9083FE9221C6E6F300EFB853 /* LaunchScreen.storyboard */,
				9083FE9521C6E6F300EFB853 /* Info.plist */,
			);
			path = Resources;
			sourceTree = "<group>";
		};
		9083FEA021C6F04600EFB853 /* ViewController */ = {
			isa = PBXGroup;
			children = (
				9083FE8B21C6E6F200EFB853 /* PokemonSearchViewController.swift */,
			);
			path = ViewController;
			sourceTree = "<group>";
		};
		9083FEA121C6F05000EFB853 /* View */ = {
			isa = PBXGroup;
			children = (
				9083FE9E21C6EC4B00EFB853 /* PokemonTableViewCell.swift */,
			);
			path = View;
			sourceTree = "<group>";
		};
		9083FEA221C6F05500EFB853 /* Model */ = {
			isa = PBXGroup;
			children = (
				9083FE9C21C6EA8200EFB853 /* Pokemon.swift */,
				90F8943E21CEEFED00B87FD0 /* PokemonCards.swift */,
			);
			path = Model;
			sourceTree = "<group>";
		};
		9083FEA321C6F06300EFB853 /* Controllers */ = {
			isa = PBXGroup;
			children = (
				9083FEA421C6F14A00EFB853 /* ModelControllers */,
				9083FEA021C6F04600EFB853 /* ViewController */,
			);
			path = Controllers;
			sourceTree = "<group>";
		};
		9083FEA421C6F14A00EFB853 /* ModelControllers */ = {
			isa = PBXGroup;
			children = (
				9083FEA521C6F15F00EFB853 /* PokemonMainListController.swift */,
				90F8944021CEF19A00B87FD0 /* PokemonCardsController.swift */,
			);
			path = ModelControllers;
			sourceTree = "<group>";
		};
/* End PBXGroup section */

/* Begin PBXNativeTarget section */
		9083FE8521C6E6F200EFB853 /* apis, delegates */ = {
			isa = PBXNativeTarget;
			buildConfigurationList = 9083FE9821C6E6F300EFB853 /* Build configuration list for PBXNativeTarget "apis, delegates" */;
			buildPhases = (
				9083FE8221C6E6F200EFB853 /* Sources */,
				9083FE8321C6E6F200EFB853 /* Frameworks */,
				9083FE8421C6E6F200EFB853 /* Resources */,
			);
			buildRules = (
			);
			dependencies = (
			);
			name = "apis, delegates";
			productName = "apis, delegates";
			productReference = 9083FE8621C6E6F200EFB853 /* apis, delegates.app */;
			productType = "com.apple.product-type.application";
		};
/* End PBXNativeTarget section */

/* Begin PBXProject section */
		9083FE7E21C6E6F200EFB853 /* Project object */ = {
			isa = PBXProject;
			attributes = {
				LastSwiftUpdateCheck = 1010;
				LastUpgradeCheck = 1010;
				ORGANIZATIONNAME = "Greg Hughes";
				TargetAttributes = {
					9083FE8521C6E6F200EFB853 = {
						CreatedOnToolsVersion = 10.1;
					};
				};
			};
			buildConfigurationList = 9083FE8121C6E6F200EFB853 /* Build configuration list for PBXProject "apis, delegates" */;
			compatibilityVersion = "Xcode 9.3";
			developmentRegion = en;
			hasScannedForEncodings = 0;
			knownRegions = (
				en,
				Base,
			);
			mainGroup = 9083FE7D21C6E6F200EFB853;
			productRefGroup = 9083FE8721C6E6F200EFB853 /* Products */;
			projectDirPath = "";
			projectRoot = "";
			targets = (
				9083FE8521C6E6F200EFB853 /* apis, delegates */,
			);
		};
/* End PBXProject section */

/* Begin PBXResourcesBuildPhase section */
		9083FE8421C6E6F200EFB853 /* Resources */ = {
			isa = PBXResourcesBuildPhase;
			buildActionMask = 2147483647;
			files = (
				9083FE9421C6E6F300EFB853 /* LaunchScreen.storyboard in Resources */,
				9083FE9121C6E6F300EFB853 /* Assets.xcassets in Resources */,
				9083FE8F21C6E6F200EFB853 /* Main.storyboard in Resources */,
			);
			runOnlyForDeploymentPostprocessing = 0;
		};
/* End PBXResourcesBuildPhase section */

/* Begin PBXSourcesBuildPhase section */
		9083FE8221C6E6F200EFB853 /* Sources */ = {
			isa = PBXSourcesBuildPhase;
			buildActionMask = 2147483647;
			files = (
				9083FE8C21C6E6F200EFB853 /* PokemonSearchViewController.swift in Sources */,
				9083FE9F21C6EC4B00EFB853 /* PokemonTableViewCell.swift in Sources */,
				9083FE8A21C6E6F200EFB853 /* AppDelegate.swift in Sources */,
				90F8944121CEF19A00B87FD0 /* PokemonCardsController.swift in Sources */,
				9083FE9D21C6EA8200EFB853 /* Pokemon.swift in Sources */,
				9083FEA621C6F15F00EFB853 /* PokemonMainListController.swift in Sources */,
				90F8943F21CEEFED00B87FD0 /* PokemonCards.swift in Sources */,
			);
			runOnlyForDeploymentPostprocessing = 0;
		};
/* End PBXSourcesBuildPhase section */

/* Begin PBXVariantGroup section */
		9083FE8D21C6E6F200EFB853 /* Main.storyboard */ = {
			isa = PBXVariantGroup;
			children = (
				9083FE8E21C6E6F200EFB853 /* Base */,
			);
			name = Main.storyboard;
			sourceTree = "<group>";
		};
		9083FE9221C6E6F300EFB853 /* LaunchScreen.storyboard */ = {
			isa = PBXVariantGroup;
			children = (
				9083FE9321C6E6F300EFB853 /* Base */,
			);
			name = LaunchScreen.storyboard;
			sourceTree = "<group>";
		};
/* End PBXVariantGroup section */

/* Begin XCBuildConfiguration section */
		9083FE9621C6E6F300EFB853 /* Debug */ = {
			isa = XCBuildConfiguration;
			buildSettings = {
				ALWAYS_SEARCH_USER_PATHS = NO;
				CLANG_ANALYZER_NONNULL = YES;
				CLANG_ANALYZER_NUMBER_OBJECT_CONVERSION = YES_AGGRESSIVE;
				CLANG_CXX_LANGUAGE_STANDARD = "gnu++14";
				CLANG_CXX_LIBRARY = "libc++";
				CLANG_ENABLE_MODULES = YES;
				CLANG_ENABLE_OBJC_ARC = YES;
				CLANG_ENABLE_OBJC_WEAK = YES;
				CLANG_WARN_BLOCK_CAPTURE_AUTORELEASING = YES;
				CLANG_WARN_BOOL_CONVERSION = YES;
				CLANG_WARN_COMMA = YES;
				CLANG_WARN_CONSTANT_CONVERSION = YES;
				CLANG_WARN_DEPRECATED_OBJC_IMPLEMENTATIONS = YES;
				CLANG_WARN_DIRECT_OBJC_ISA_USAGE = YES_ERROR;
				CLANG_WARN_DOCUMENTATION_COMMENTS = YES;
				CLANG_WARN_EMPTY_BODY = YES;
				CLANG_WARN_ENUM_CONVERSION = YES;
				CLANG_WARN_INFINITE_RECURSION = YES;
				CLANG_WARN_INT_CONVERSION = YES;
				CLANG_WARN_NON_LITERAL_NULL_CONVERSION = YES;
				CLANG_WARN_OBJC_IMPLICIT_RETAIN_SELF = YES;
				CLANG_WARN_OBJC_LITERAL_CONVERSION = YES;
				CLANG_WARN_OBJC_ROOT_CLASS = YES_ERROR;
				CLANG_WARN_RANGE_LOOP_ANALYSIS = YES;
				CLANG_WARN_STRICT_PROTOTYPES = YES;
				CLANG_WARN_SUSPICIOUS_MOVE = YES;
				CLANG_WARN_UNGUARDED_AVAILABILITY = YES_AGGRESSIVE;
				CLANG_WARN_UNREACHABLE_CODE = YES;
				CLANG_WARN__DUPLICATE_METHOD_MATCH = YES;
				CODE_SIGN_IDENTITY = "iPhone Developer";
				COPY_PHASE_STRIP = NO;
				DEBUG_INFORMATION_FORMAT = dwarf;
				ENABLE_STRICT_OBJC_MSGSEND = YES;
				ENABLE_TESTABILITY = YES;
				GCC_C_LANGUAGE_STANDARD = gnu11;
				GCC_DYNAMIC_NO_PIC = NO;
				GCC_NO_COMMON_BLOCKS = YES;
				GCC_OPTIMIZATION_LEVEL = 0;
				GCC_PREPROCESSOR_DEFINITIONS = (
					"DEBUG=1",
					"$(inherited)",
				);
				GCC_WARN_64_TO_32_BIT_CONVERSION = YES;
				GCC_WARN_ABOUT_RETURN_TYPE = YES_ERROR;
				GCC_WARN_UNDECLARED_SELECTOR = YES;
				GCC_WARN_UNINITIALIZED_AUTOS = YES_AGGRESSIVE;
				GCC_WARN_UNUSED_FUNCTION = YES;
				GCC_WARN_UNUSED_VARIABLE = YES;
				IPHONEOS_DEPLOYMENT_TARGET = 12.1;
				MTL_ENABLE_DEBUG_INFO = INCLUDE_SOURCE;
				MTL_FAST_MATH = YES;
				ONLY_ACTIVE_ARCH = YES;
				SDKROOT = iphoneos;
				SWIFT_ACTIVE_COMPILATION_CONDITIONS = DEBUG;
				SWIFT_OPTIMIZATION_LEVEL = "-Onone";
			};
			name = Debug;
		};
		9083FE9721C6E6F300EFB853 /* Release */ = {
			isa = XCBuildConfiguration;
			buildSettings = {
				ALWAYS_SEARCH_USER_PATHS = NO;
				CLANG_ANALYZER_NONNULL = YES;
				CLANG_ANALYZER_NUMBER_OBJECT_CONVERSION = YES_AGGRESSIVE;
				CLANG_CXX_LANGUAGE_STANDARD = "gnu++14";
				CLANG_CXX_LIBRARY = "libc++";
				CLANG_ENABLE_MODULES = YES;
				CLANG_ENABLE_OBJC_ARC = YES;
				CLANG_ENABLE_OBJC_WEAK = YES;
				CLANG_WARN_BLOCK_CAPTURE_AUTORELEASING = YES;
				CLANG_WARN_BOOL_CONVERSION = YES;
				CLANG_WARN_COMMA = YES;
				CLANG_WARN_CONSTANT_CONVERSION = YES;
				CLANG_WARN_DEPRECATED_OBJC_IMPLEMENTATIONS = YES;
				CLANG_WARN_DIRECT_OBJC_ISA_USAGE = YES_ERROR;
				CLANG_WARN_DOCUMENTATION_COMMENTS = YES;
				CLANG_WARN_EMPTY_BODY = YES;
				CLANG_WARN_ENUM_CONVERSION = YES;
				CLANG_WARN_INFINITE_RECURSION = YES;
				CLANG_WARN_INT_CONVERSION = YES;
				CLANG_WARN_NON_LITERAL_NULL_CONVERSION = YES;
				CLANG_WARN_OBJC_IMPLICIT_RETAIN_SELF = YES;
				CLANG_WARN_OBJC_LITERAL_CONVERSION = YES;
				CLANG_WARN_OBJC_ROOT_CLASS = YES_ERROR;
				CLANG_WARN_RANGE_LOOP_ANALYSIS = YES;
				CLANG_WARN_STRICT_PROTOTYPES = YES;
				CLANG_WARN_SUSPICIOUS_MOVE = YES;
				CLANG_WARN_UNGUARDED_AVAILABILITY = YES_AGGRESSIVE;
				CLANG_WARN_UNREACHABLE_CODE = YES;
				CLANG_WARN__DUPLICATE_METHOD_MATCH = YES;
				CODE_SIGN_IDENTITY = "iPhone Developer";
				COPY_PHASE_STRIP = NO;
				DEBUG_INFORMATION_FORMAT = "dwarf-with-dsym";
				ENABLE_NS_ASSERTIONS = NO;
				ENABLE_STRICT_OBJC_MSGSEND = YES;
				GCC_C_LANGUAGE_STANDARD = gnu11;
				GCC_NO_COMMON_BLOCKS = YES;
				GCC_WARN_64_TO_32_BIT_CONVERSION = YES;
				GCC_WARN_ABOUT_RETURN_TYPE = YES_ERROR;
				GCC_WARN_UNDECLARED_SELECTOR = YES;
				GCC_WARN_UNINITIALIZED_AUTOS = YES_AGGRESSIVE;
				GCC_WARN_UNUSED_FUNCTION = YES;
				GCC_WARN_UNUSED_VARIABLE = YES;
				IPHONEOS_DEPLOYMENT_TARGET = 12.1;
				MTL_ENABLE_DEBUG_INFO = NO;
				MTL_FAST_MATH = YES;
				SDKROOT = iphoneos;
				SWIFT_COMPILATION_MODE = wholemodule;
				SWIFT_OPTIMIZATION_LEVEL = "-O";
				VALIDATE_PRODUCT = YES;
			};
			name = Release;
		};
		9083FE9921C6E6F300EFB853 /* Debug */ = {
			isa = XCBuildConfiguration;
			buildSettings = {
				ASSETCATALOG_COMPILER_APPICON_NAME = AppIcon;
				CODE_SIGN_STYLE = Automatic;
				DEVELOPMENT_TEAM = 57FTCZV5HS;
				INFOPLIST_FILE = "$(SRCROOT)/apis, delegates/Resources/Info.plist";
				LD_RUNPATH_SEARCH_PATHS = (
					"$(inherited)",
					"@executable_path/Frameworks",
				);
				PRODUCT_BUNDLE_IDENTIFIER = "com.greghughes.apis--delegates";
				PRODUCT_NAME = "$(TARGET_NAME)";
				SWIFT_VERSION = 4.2;
				TARGETED_DEVICE_FAMILY = "1,2";
			};
			name = Debug;
		};
		9083FE9A21C6E6F300EFB853 /* Release */ = {
			isa = XCBuildConfiguration;
			buildSettings = {
				ASSETCATALOG_COMPILER_APPICON_NAME = AppIcon;
				CODE_SIGN_STYLE = Automatic;
				DEVELOPMENT_TEAM = 57FTCZV5HS;
				INFOPLIST_FILE = "$(SRCROOT)/apis, delegates/Resources/Info.plist";
				LD_RUNPATH_SEARCH_PATHS = (
					"$(inherited)",
					"@executable_path/Frameworks",
				);
				PRODUCT_BUNDLE_IDENTIFIER = "com.greghughes.apis--delegates";
				PRODUCT_NAME = "$(TARGET_NAME)";
				SWIFT_VERSION = 4.2;
				TARGETED_DEVICE_FAMILY = "1,2";
			};
			name = Release;
		};
/* End XCBuildConfiguration section */

/* Begin XCConfigurationList section */
		9083FE8121C6E6F200EFB853 /* Build configuration list for PBXProject "apis, delegates" */ = {
			isa = XCConfigurationList;
			buildConfigurations = (
				9083FE9621C6E6F300EFB853 /* Debug */,
				9083FE9721C6E6F300EFB853 /* Release */,
			);
			defaultConfigurationIsVisible = 0;
			defaultConfigurationName = Release;
		};
		9083FE9821C6E6F300EFB853 /* Build configuration list for PBXNativeTarget "apis, delegates" */ = {
			isa = XCConfigurationList;
			buildConfigurations = (
				9083FE9921C6E6F300EFB853 /* Debug */,
				9083FE9A21C6E6F300EFB853 /* Release */,
			);
			defaultConfigurationIsVisible = 0;
			defaultConfigurationName = Release;
		};
/* End XCConfigurationList section */
	};
	rootObject = 9083FE7E21C6E6F200EFB853 /* Project object */;
}
